
Microsoft Visual Studio Solution File, Format Version 12.00
# Visual Studio Version 16
VisualStudioVersion = 16.0.30621.155
MinimumVisualStudioVersion = 10.0.40219.1
Project("{9A19103F-16F7-4668-BE54-9A1E7A4F7556}") = "WixSharp.DotNetBootstrapper", "src\libs\WixSharp.DotNetBootstrapper\WixSharp.DotNetBootstrapper.csproj", "{427BDC44-281D-436A-8459-5DB414E89CD7}"
EndProject
Project("{2150E333-8FDC-42A3-9474-1A3956D46DE8}") = "Solution Items", "Solution Items", "{F7EAA51F-EBBB-43D3-9628-4EB8911A6F2D}"
	ProjectSection(SolutionItems) = preProject
		.gitattributes = .gitattributes
		.gitignore = .gitignore
		src\Directory.Build.props = src\Directory.Build.props
		.github\workflows\dotnetcore.yml = .github\workflows\dotnetcore.yml
		LICENSE = LICENSE
		README.md = README.md
	EndProjectSection
EndProject
Project("{9A19103F-16F7-4668-BE54-9A1E7A4F7556}") = "WixSharp.DotNetBootstrapper.Web", "src\libs\WixSharp.DotNetBootstrapper.Web\WixSharp.DotNetBootstrapper.Web.csproj", "{F588AD70-F457-45F5-834C-27CE1EA99B71}"
EndProject
Project("{2150E333-8FDC-42A3-9474-1A3956D46DE8}") = "libs", "libs", "{BAF5D0DE-C5BC-4065-AD77-91808221E82B}"
	ProjectSection(SolutionItems) = preProject
		src\libs\Directory.Build.props = src\libs\Directory.Build.props
	EndProjectSection
EndProject
Global
	GlobalSection(SolutionConfigurationPlatforms) = preSolution
		Debug|Any CPU = Debug|Any CPU
		Release|Any CPU = Release|Any CPU
	EndGlobalSection
	GlobalSection(ProjectConfigurationPlatforms) = postSolution
		{427BDC44-281D-436A-8459-5DB414E89CD7}.Debug|Any CPU.ActiveCfg = Debug|Any CPU
		{427BDC44-281D-436A-8459-5DB414E89CD7}.Debug|Any CPU.Build.0 = Debug|Any CPU
		{427BDC44-281D-436A-8459-5DB414E89CD7}.Release|Any CPU.ActiveCfg = Release|Any CPU
		{427BDC44-281D-436A-8459-5DB414E89CD7}.Release|Any CPU.Build.0 = Release|Any CPU
		{F588AD70-F457-45F5-834C-27CE1EA99B71}.Debug|Any CPU.ActiveCfg = Debug|Any CPU
		{F588AD70-F457-45F5-834C-27CE1EA99B71}.Debug|Any CPU.Build.0 = Debug|Any CPU
		{F588AD70-F457-45F5-834C-27CE1EA99B71}.Release|Any CPU.ActiveCfg = Release|Any CPU
		{F588AD70-F457-45F5-834C-27CE1EA99B71}.Release|Any CPU.Build.0 = Release|Any CPU
	EndGlobalSection
	GlobalSection(SolutionProperties) = preSolution
		HideSolutionNode = FALSE
	EndGlobalSection
	GlobalSection(NestedProjects) = preSolution
		{427BDC44-281D-436A-8459-5DB414E89CD7} = {BAF5D0DE-C5BC-4065-AD77-91808221E82B}
		{F588AD70-F457-45F5-834C-27CE1EA99B71} = {BAF5D0DE-C5BC-4065-AD77-91808221E82B}
	EndGlobalSection
	GlobalSection(ExtensibilityGlobals) = postSolution
		SolutionGuid = {4F1B2456-A484-416E-B644-0499187C280B}
	EndGlobalSection
EndGlobal
